
Microsoft Visual Studio Solution File, Format Version 12.00
# Visual Studio Version 17
VisualStudioVersion = 17.11.35303.130
MinimumVisualStudioVersion = 10.0.40219.1
Project("{2150E333-8FDC-42A3-9474-1A3956D46DE8}") = "Applications", "Applications", "{5F47686F-335F-46D5-9A10-68D8A59A44F4}"
EndProject
Project("{2150E333-8FDC-42A3-9474-1A3956D46DE8}") = "libararies", "libararies", "{EFDF7B0A-04E3-402E-B617-7884640AC348}"
EndProject
Project("{9A19103F-16F7-4668-BE54-9A1E7A4F7556}") = "SV21T1020080.Web", "SV21T1020080.Web\SV21T1020080.Web.csproj", "{F30F99CA-E300-4F4C-A1EB-2D54B16B4FE3}"
EndProject
Project("{9A19103F-16F7-4668-BE54-9A1E7A4F7556}") = "SV21T1020080.DomainModels", "SV2T1020080.DomainModels\SV21T1020080.DomainModels.csproj", "{695E4A6A-B9C3-4102-A989-DDB01D3B87CD}"
EndProject
Project("{9A19103F-16F7-4668-BE54-9A1E7A4F7556}") = "SV21T1020080.DataLayers", "SV21T1020080.DataLayers\SV21T1020080.DataLayers.csproj", "{536A2D64-C890-434F-A983-99B0EAB3FA5A}"
EndProject
Project("{9A19103F-16F7-4668-BE54-9A1E7A4F7556}") = "SV21T1020080.BusinessLayers", "SV21T1020080.BusinessLayers\SV21T1020080.BusinessLayers.csproj", "{52DEFDA0-95C2-4F69-A191-E9F254EF63E6}"
EndProject
Project("{FAE04EC0-301F-11D3-BF4B-00C04F79EFBC}") = "SV21T1020080.Shop", "SV21T1020080.Shop\SV21T1020080.Shop.csproj", "{8D138943-E457-404F-B1B8-DE56F67D9FAE}"
EndProject
Global
	GlobalSection(SolutionConfigurationPlatforms) = preSolution
		Debug|Any CPU = Debug|Any CPU
		Release|Any CPU = Release|Any CPU
	EndGlobalSection
	GlobalSection(ProjectConfigurationPlatforms) = postSolution
		{F30F99CA-E300-4F4C-A1EB-2D54B16B4FE3}.Debug|Any CPU.ActiveCfg = Debug|Any CPU
		{F30F99CA-E300-4F4C-A1EB-2D54B16B4FE3}.Debug|Any CPU.Build.0 = Debug|Any CPU
		{F30F99CA-E300-4F4C-A1EB-2D54B16B4FE3}.Release|Any CPU.ActiveCfg = Release|Any CPU
		{F30F99CA-E300-4F4C-A1EB-2D54B16B4FE3}.Release|Any CPU.Build.0 = Release|Any CPU
		{695E4A6A-B9C3-4102-A989-DDB01D3B87CD}.Debug|Any CPU.ActiveCfg = Debug|Any CPU
		{695E4A6A-B9C3-4102-A989-DDB01D3B87CD}.Debug|Any CPU.Build.0 = Debug|Any CPU
		{695E4A6A-B9C3-4102-A989-DDB01D3B87CD}.Release|Any CPU.ActiveCfg = Release|Any CPU
		{695E4A6A-B9C3-4102-A989-DDB01D3B87CD}.Release|Any CPU.Build.0 = Release|Any CPU
		{536A2D64-C890-434F-A983-99B0EAB3FA5A}.Debug|Any CPU.ActiveCfg = Debug|Any CPU
		{536A2D64-C890-434F-A983-99B0EAB3FA5A}.Debug|Any CPU.Build.0 = Debug|Any CPU
		{536A2D64-C890-434F-A983-99B0EAB3FA5A}.Release|Any CPU.ActiveCfg = Release|Any CPU
		{536A2D64-C890-434F-A983-99B0EAB3FA5A}.Release|Any CPU.Build.0 = Release|Any CPU
		{52DEFDA0-95C2-4F69-A191-E9F254EF63E6}.Debug|Any CPU.ActiveCfg = Debug|Any CPU
		{52DEFDA0-95C2-4F69-A191-E9F254EF63E6}.Debug|Any CPU.Build.0 = Debug|Any CPU
		{52DEFDA0-95C2-4F69-A191-E9F254EF63E6}.Release|Any CPU.ActiveCfg = Release|Any CPU
		{52DEFDA0-95C2-4F69-A191-E9F254EF63E6}.Release|Any CPU.Build.0 = Release|Any CPU
		{8D138943-E457-404F-B1B8-DE56F67D9FAE}.Debug|Any CPU.ActiveCfg = Debug|Any CPU
		{8D138943-E457-404F-B1B8-DE56F67D9FAE}.Debug|Any CPU.Build.0 = Debug|Any CPU
		{8D138943-E457-404F-B1B8-DE56F67D9FAE}.Release|Any CPU.ActiveCfg = Release|Any CPU
		{8D138943-E457-404F-B1B8-DE56F67D9FAE}.Release|Any CPU.Build.0 = Release|Any CPU
	EndGlobalSection
	GlobalSection(SolutionProperties) = preSolution
		HideSolutionNode = FALSE
	EndGlobalSection
	GlobalSection(NestedProjects) = preSolution
		{F30F99CA-E300-4F4C-A1EB-2D54B16B4FE3} = {5F47686F-335F-46D5-9A10-68D8A59A44F4}
		{695E4A6A-B9C3-4102-A989-DDB01D3B87CD} = {EFDF7B0A-04E3-402E-B617-7884640AC348}
		{536A2D64-C890-434F-A983-99B0EAB3FA5A} = {EFDF7B0A-04E3-402E-B617-7884640AC348}
		{52DEFDA0-95C2-4F69-A191-E9F254EF63E6} = {EFDF7B0A-04E3-402E-B617-7884640AC348}
		{8D138943-E457-404F-B1B8-DE56F67D9FAE} = {5F47686F-335F-46D5-9A10-68D8A59A44F4}
	EndGlobalSection
	GlobalSection(ExtensibilityGlobals) = postSolution
		SolutionGuid = {26951CBD-E704-484A-8169-B368C943FEDA}
	EndGlobalSection
EndGlobal
